
Microsoft Visual Studio Solution File, Format Version 12.00
# Visual Studio Version 16
VisualStudioVersion = 16.0.30709.132
MinimumVisualStudioVersion = 10.0.40219.1
Project("{FAE04EC0-301F-11D3-BF4B-00C04F79EFBC}") = "ZeroTierTestXamarin.Android", "ZeroTierTestXamarin\ZeroTierTestXamarin.Android\ZeroTierTestXamarin.Android.csproj", "{2E14C84B-97AA-4BD3-B12D-62636A46CE2C}"
EndProject
Project("{9A19103F-16F7-4668-BE54-9A1E7A4F7556}") = "ZeroTierTestXamarin", "ZeroTierTestXamarin\ZeroTierTestXamarin\ZeroTierTestXamarin.csproj", "{200C747E-F509-4B3A-9D9D-A440EB8E77B6}"
EndProject
Global
	GlobalSection(SolutionConfigurationPlatforms) = preSolution
		Debug|Any CPU = Debug|Any CPU
		Release|Any CPU = Release|Any CPU
	EndGlobalSection
	GlobalSection(ProjectConfigurationPlatforms) = postSolution
		{2E14C84B-97AA-4BD3-B12D-62636A46CE2C}.Debug|Any CPU.ActiveCfg = Debug|Any CPU
		{2E14C84B-97AA-4BD3-B12D-62636A46CE2C}.Debug|Any CPU.Build.0 = Debug|Any CPU
		{2E14C84B-97AA-4BD3-B12D-62636A46CE2C}.Debug|Any CPU.Deploy.0 = Debug|Any CPU
		{2E14C84B-97AA-4BD3-B12D-62636A46CE2C}.Release|Any CPU.ActiveCfg = Release|Any CPU
		{2E14C84B-97AA-4BD3-B12D-62636A46CE2C}.Release|Any CPU.Build.0 = Release|Any CPU
		{2E14C84B-97AA-4BD3-B12D-62636A46CE2C}.Release|Any CPU.Deploy.0 = Release|Any CPU
		{200C747E-F509-4B3A-9D9D-A440EB8E77B6}.Debug|Any CPU.ActiveCfg = Debug|Any CPU
		{200C747E-F509-4B3A-9D9D-A440EB8E77B6}.Debug|Any CPU.Build.0 = Debug|Any CPU
		{200C747E-F509-4B3A-9D9D-A440EB8E77B6}.Debug|Any CPU.Deploy.0 = Debug|Any CPU
		{200C747E-F509-4B3A-9D9D-A440EB8E77B6}.Release|Any CPU.ActiveCfg = Release|Any CPU
		{200C747E-F509-4B3A-9D9D-A440EB8E77B6}.Release|Any CPU.Build.0 = Release|Any CPU
		{200C747E-F509-4B3A-9D9D-A440EB8E77B6}.Release|Any CPU.Deploy.0 = Release|Any CPU
	EndGlobalSection
	GlobalSection(SolutionProperties) = preSolution
		HideSolutionNode = FALSE
	EndGlobalSection
	GlobalSection(ExtensibilityGlobals) = postSolution
		SolutionGuid = {6DEA2E6A-C2E8-40F0-B6DD-65D21516D53F}
	EndGlobalSection
EndGlobal
